// !$*UTF8*$!
{
	archiveVersion = 1;
	classes = {
	};
	objectVersion = 51;
	objects = {

/* Begin PBXBuildFile section */
		77243A53260CD48F009193F1 /* PodcastCell.swift in Sources */ = {isa = PBXBuildFile; fileRef = 77243A52260CD48F009193F1 /* PodcastCell.swift */; };
		776E8B462611D867007B42E7 /* Storage.swift in Sources */ = {isa = PBXBuildFile; fileRef = 776E8B452611D867007B42E7 /* Storage.swift */; };
		776E8B492611D8CB007B42E7 /* SavedPodcastsView.swift in Sources */ = {isa = PBXBuildFile; fileRef = 776E8B482611D8CB007B42E7 /* SavedPodcastsView.swift */; };
		776E8B4F2611D96A007B42E7 /* PodcastPlayerBar.swift in Sources */ = {isa = PBXBuildFile; fileRef = 776E8B4E2611D96A007B42E7 /* PodcastPlayerBar.swift */; };
		776E8B522611D9AA007B42E7 /* PodcastDetails.swift in Sources */ = {isa = PBXBuildFile; fileRef = 776E8B512611D9AA007B42E7 /* PodcastDetails.swift */; };
		7782469F25E2E0FB001D0A0F /* PodcastAppApp.swift in Sources */ = {isa = PBXBuildFile; fileRef = 7782469E25E2E0FB001D0A0F /* PodcastAppApp.swift */; };
		778246A125E2E0FB001D0A0F /* AllPodcastsView.swift in Sources */ = {isa = PBXBuildFile; fileRef = 778246A025E2E0FB001D0A0F /* AllPodcastsView.swift */; };
		778246A325E2E0FD001D0A0F /* Assets.xcassets in Resources */ = {isa = PBXBuildFile; fileRef = 778246A225E2E0FD001D0A0F /* Assets.xcassets */; };
		778246A625E2E0FD001D0A0F /* Preview Assets.xcassets in Resources */ = {isa = PBXBuildFile; fileRef = 778246A525E2E0FD001D0A0F /* Preview Assets.xcassets */; };
		778246B325E2EAA7001D0A0F /* PodcastLoader.swift in Sources */ = {isa = PBXBuildFile; fileRef = 778246B225E2EAA7001D0A0F /* PodcastLoader.swift */; };
		E4B833E20C7911352736D115 /* Pods_PodcastApp.framework in Frameworks */ = {isa = PBXBuildFile; fileRef = EF1F24E0C78A19DF1E3C115D /* Pods_PodcastApp.framework */; };
		EA17BE0526120A9C004DB1A7 /* Downloader.swift in Sources */ = {isa = PBXBuildFile; fileRef = EA17BE0426120A9C004DB1A7 /* Downloader.swift */; };
/* End PBXBuildFile section */

/* Begin PBXFileReference section */
		5FFF60AB34BD002222DEBD0C /* Pods-PodcastApp.release.xcconfig */ = {isa = PBXFileReference; includeInIndex = 1; lastKnownFileType = text.xcconfig; name = "Pods-PodcastApp.release.xcconfig"; path = "Target Support Files/Pods-PodcastApp/Pods-PodcastApp.release.xcconfig"; sourceTree = "<group>"; };
		77243A52260CD48F009193F1 /* PodcastCell.swift */ = {isa = PBXFileReference; lastKnownFileType = sourcecode.swift; path = PodcastCell.swift; sourceTree = "<group>"; };
		776E8B452611D867007B42E7 /* Storage.swift */ = {isa = PBXFileReference; lastKnownFileType = sourcecode.swift; path = Storage.swift; sourceTree = "<group>"; };
		776E8B482611D8CB007B42E7 /* SavedPodcastsView.swift */ = {isa = PBXFileReference; lastKnownFileType = sourcecode.swift; path = SavedPodcastsView.swift; sourceTree = "<group>"; };
		776E8B4E2611D96A007B42E7 /* PodcastPlayerBar.swift */ = {isa = PBXFileReference; lastKnownFileType = sourcecode.swift; path = PodcastPlayerBar.swift; sourceTree = "<group>"; };
		776E8B512611D9AA007B42E7 /* PodcastDetails.swift */ = {isa = PBXFileReference; lastKnownFileType = sourcecode.swift; path = PodcastDetails.swift; sourceTree = "<group>"; };
		7782469B25E2E0FB001D0A0F /* PodcastApp.app */ = {isa = PBXFileReference; explicitFileType = wrapper.application; includeInIndex = 0; path = PodcastApp.app; sourceTree = BUILT_PRODUCTS_DIR; };
		7782469E25E2E0FB001D0A0F /* PodcastAppApp.swift */ = {isa = PBXFileReference; lastKnownFileType = sourcecode.swift; path = PodcastAppApp.swift; sourceTree = "<group>"; };
		778246A025E2E0FB001D0A0F /* AllPodcastsView.swift */ = {isa = PBXFileReference; lastKnownFileType = sourcecode.swift; path = AllPodcastsView.swift; sourceTree = "<group>"; };
		778246A225E2E0FD001D0A0F /* Assets.xcassets */ = {isa = PBXFileReference; lastKnownFileType = folder.assetcatalog; path = Assets.xcassets; sourceTree = "<group>"; };
		778246A525E2E0FD001D0A0F /* Preview Assets.xcassets */ = {isa = PBXFileReference; lastKnownFileType = folder.assetcatalog; path = "Preview Assets.xcassets"; sourceTree = "<group>"; };
		778246A725E2E0FD001D0A0F /* Info.plist */ = {isa = PBXFileReference; lastKnownFileType = text.plist.xml; path = Info.plist; sourceTree = "<group>"; };
		778246B225E2EAA7001D0A0F /* PodcastLoader.swift */ = {isa = PBXFileReference; lastKnownFileType = sourcecode.swift; path = PodcastLoader.swift; sourceTree = "<group>"; };
		EA17BE0426120A9C004DB1A7 /* Downloader.swift */ = {isa = PBXFileReference; lastKnownFileType = sourcecode.swift; path = Downloader.swift; sourceTree = "<group>"; };
		EF1F24E0C78A19DF1E3C115D /* Pods_PodcastApp.framework */ = {isa = PBXFileReference; explicitFileType = wrapper.framework; includeInIndex = 0; path = Pods_PodcastApp.framework; sourceTree = BUILT_PRODUCTS_DIR; };
		F28758B4120565C18157E56D /* Pods-PodcastApp.debug.xcconfig */ = {isa = PBXFileReference; includeInIndex = 1; lastKnownFileType = text.xcconfig; name = "Pods-PodcastApp.debug.xcconfig"; path = "Target Support Files/Pods-PodcastApp/Pods-PodcastApp.debug.xcconfig"; sourceTree = "<group>"; };
/* End PBXFileReference section */

/* Begin PBXFrameworksBuildPhase section */
		7782469825E2E0FB001D0A0F /* Frameworks */ = {
			isa = PBXFrameworksBuildPhase;
			buildActionMask = 2147483647;
			files = (
				E4B833E20C7911352736D115 /* Pods_PodcastApp.framework in Frameworks */,
			);
			runOnlyForDeploymentPostprocessing = 0;
		};
/* End PBXFrameworksBuildPhase section */

/* Begin PBXGroup section */
		5C216503CAD6ECBE7EF1BD1E /* Frameworks */ = {
			isa = PBXGroup;
			children = (
				EF1F24E0C78A19DF1E3C115D /* Pods_PodcastApp.framework */,
			);
			name = Frameworks;
			sourceTree = "<group>";
		};
		776E8B4B2611D8DC007B42E7 /* AllPodcastsViews */ = {
			isa = PBXGroup;
			children = (
				778246A025E2E0FB001D0A0F /* AllPodcastsView.swift */,
				77243A52260CD48F009193F1 /* PodcastCell.swift */,
				776E8B4E2611D96A007B42E7 /* PodcastPlayerBar.swift */,
				776E8B512611D9AA007B42E7 /* PodcastDetails.swift */,
			);
			path = AllPodcastsViews;
			sourceTree = "<group>";
		};
		776E8B4C2611D8FB007B42E7 /* SavedPoscasts */ = {
			isa = PBXGroup;
			children = (
				776E8B482611D8CB007B42E7 /* SavedPodcastsView.swift */,
			);
			path = SavedPoscasts;
			sourceTree = "<group>";
		};
		776E8B4D2611D91D007B42E7 /* Services */ = {
			isa = PBXGroup;
			children = (
				778246B225E2EAA7001D0A0F /* PodcastLoader.swift */,
				776E8B452611D867007B42E7 /* Storage.swift */,
				EA17BE0426120A9C004DB1A7 /* Downloader.swift */,
			);
			path = Services;
			sourceTree = "<group>";
		};
		7782469225E2E0FB001D0A0F = {
			isa = PBXGroup;
			children = (
				7782469D25E2E0FB001D0A0F /* PodcastApp */,
				7782469C25E2E0FB001D0A0F /* Products */,
				F549B353801ED8427BB24F46 /* Pods */,
				5C216503CAD6ECBE7EF1BD1E /* Frameworks */,
			);
			sourceTree = "<group>";
		};
		7782469C25E2E0FB001D0A0F /* Products */ = {
			isa = PBXGroup;
			children = (
				7782469B25E2E0FB001D0A0F /* PodcastApp.app */,
			);
			name = Products;
			sourceTree = "<group>";
		};
		7782469D25E2E0FB001D0A0F /* PodcastApp */ = {
			isa = PBXGroup;
			children = (
				776E8B4D2611D91D007B42E7 /* Services */,
				776E8B4C2611D8FB007B42E7 /* SavedPoscasts */,
				776E8B4B2611D8DC007B42E7 /* AllPodcastsViews */,
				7782469E25E2E0FB001D0A0F /* PodcastAppApp.swift */,
				778246A225E2E0FD001D0A0F /* Assets.xcassets */,
				778246A725E2E0FD001D0A0F /* Info.plist */,
				778246A425E2E0FD001D0A0F /* Preview Content */,
			);
			path = PodcastApp;
			sourceTree = "<group>";
		};
		778246A425E2E0FD001D0A0F /* Preview Content */ = {
			isa = PBXGroup;
			children = (
				778246A525E2E0FD001D0A0F /* Preview Assets.xcassets */,
			);
			path = "Preview Content";
			sourceTree = "<group>";
		};
		F549B353801ED8427BB24F46 /* Pods */ = {
			isa = PBXGroup;
			children = (
				F28758B4120565C18157E56D /* Pods-PodcastApp.debug.xcconfig */,
				5FFF60AB34BD002222DEBD0C /* Pods-PodcastApp.release.xcconfig */,
			);
			path = Pods;
			sourceTree = "<group>";
		};
/* End PBXGroup section */

/* Begin PBXNativeTarget section */
		7782469A25E2E0FB001D0A0F /* PodcastApp */ = {
			isa = PBXNativeTarget;
			buildConfigurationList = 778246AA25E2E0FD001D0A0F /* Build configuration list for PBXNativeTarget "PodcastApp" */;
			buildPhases = (
				3AB7F6828B5FAE97934B3F6E /* [CP] Check Pods Manifest.lock */,
				7782469725E2E0FB001D0A0F /* Sources */,
				7782469825E2E0FB001D0A0F /* Frameworks */,
				7782469925E2E0FB001D0A0F /* Resources */,
				7EA257D5587452A0C7924D2A /* [CP] Embed Pods Frameworks */,
			);
			buildRules = (
			);
			dependencies = (
			);
			name = PodcastApp;
			productName = PodcastApp;
			productReference = 7782469B25E2E0FB001D0A0F /* PodcastApp.app */;
			productType = "com.apple.product-type.application";
		};
/* End PBXNativeTarget section */

/* Begin PBXProject section */
		7782469325E2E0FB001D0A0F /* Project object */ = {
			isa = PBXProject;
			attributes = {
				LastSwiftUpdateCheck = 1230;
				LastUpgradeCheck = 1230;
				TargetAttributes = {
					7782469A25E2E0FB001D0A0F = {
						CreatedOnToolsVersion = 12.3;
					};
				};
			};
			buildConfigurationList = 7782469625E2E0FB001D0A0F /* Build configuration list for PBXProject "PodcastApp" */;
			compatibilityVersion = "Xcode 9.3";
			developmentRegion = en;
			hasScannedForEncodings = 0;
			knownRegions = (
				en,
				Base,
			);
			mainGroup = 7782469225E2E0FB001D0A0F;
			productRefGroup = 7782469C25E2E0FB001D0A0F /* Products */;
			projectDirPath = "";
			projectRoot = "";
			targets = (
				7782469A25E2E0FB001D0A0F /* PodcastApp */,
			);
		};
/* End PBXProject section */

/* Begin PBXResourcesBuildPhase section */
		7782469925E2E0FB001D0A0F /* Resources */ = {
			isa = PBXResourcesBuildPhase;
			buildActionMask = 2147483647;
			files = (
				778246A625E2E0FD001D0A0F /* Preview Assets.xcassets in Resources */,
				778246A325E2E0FD001D0A0F /* Assets.xcassets in Resources */,
			);
			runOnlyForDeploymentPostprocessing = 0;
		};
/* End PBXResourcesBuildPhase section */

/* Begin PBXShellScriptBuildPhase section */
		3AB7F6828B5FAE97934B3F6E /* [CP] Check Pods Manifest.lock */ = {
			isa = PBXShellScriptBuildPhase;
			buildActionMask = 2147483647;
			files = (
			);
			inputFileListPaths = (
			);
			inputPaths = (
				"${PODS_PODFILE_DIR_PATH}/Podfile.lock",
				"${PODS_ROOT}/Manifest.lock",
			);
			name = "[CP] Check Pods Manifest.lock";
			outputFileListPaths = (
			);
			outputPaths = (
				"$(DERIVED_FILE_DIR)/Pods-PodcastApp-checkManifestLockResult.txt",
			);
			runOnlyForDeploymentPostprocessing = 0;
			shellPath = /bin/sh;
			shellScript = "diff \"${PODS_PODFILE_DIR_PATH}/Podfile.lock\" \"${PODS_ROOT}/Manifest.lock\" > /dev/null\nif [ $? != 0 ] ; then\n    # print error to STDERR\n    echo \"error: The sandbox is not in sync with the Podfile.lock. Run 'pod install' or update your CocoaPods installation.\" >&2\n    exit 1\nfi\n# This output is used by Xcode 'outputs' to avoid re-running this script phase.\necho \"SUCCESS\" > \"${SCRIPT_OUTPUT_FILE_0}\"\n";
			showEnvVarsInLog = 0;
		};
		7EA257D5587452A0C7924D2A /* [CP] Embed Pods Frameworks */ = {
			isa = PBXShellScriptBuildPhase;
			buildActionMask = 2147483647;
			files = (
			);
			inputFileListPaths = (
				"${PODS_ROOT}/Target Support Files/Pods-PodcastApp/Pods-PodcastApp-frameworks-${CONFIGURATION}-input-files.xcfilelist",
			);
			name = "[CP] Embed Pods Frameworks";
			outputFileListPaths = (
				"${PODS_ROOT}/Target Support Files/Pods-PodcastApp/Pods-PodcastApp-frameworks-${CONFIGURATION}-output-files.xcfilelist",
			);
			runOnlyForDeploymentPostprocessing = 0;
			shellPath = /bin/sh;
			shellScript = "\"${PODS_ROOT}/Target Support Files/Pods-PodcastApp/Pods-PodcastApp-frameworks.sh\"\n";
			showEnvVarsInLog = 0;
		};
/* End PBXShellScriptBuildPhase section */

/* Begin PBXSourcesBuildPhase section */
		7782469725E2E0FB001D0A0F /* Sources */ = {
			isa = PBXSourcesBuildPhase;
			buildActionMask = 2147483647;
			files = (
				EA17BE0526120A9C004DB1A7 /* Downloader.swift in Sources */,
				776E8B492611D8CB007B42E7 /* SavedPodcastsView.swift in Sources */,
				778246B325E2EAA7001D0A0F /* PodcastLoader.swift in Sources */,
				778246A125E2E0FB001D0A0F /* AllPodcastsView.swift in Sources */,
				776E8B522611D9AA007B42E7 /* PodcastDetails.swift in Sources */,
				776E8B4F2611D96A007B42E7 /* PodcastPlayerBar.swift in Sources */,
				77243A53260CD48F009193F1 /* PodcastCell.swift in Sources */,
				7782469F25E2E0FB001D0A0F /* PodcastAppApp.swift in Sources */,
				776E8B462611D867007B42E7 /* Storage.swift in Sources */,
			);
			runOnlyForDeploymentPostprocessing = 0;
		};
/* End PBXSourcesBuildPhase section */

/* Begin XCBuildConfiguration section */
		778246A825E2E0FD001D0A0F /* Debug */ = {
			isa = XCBuildConfiguration;
			buildSettings = {
				ALWAYS_SEARCH_USER_PATHS = NO;
				CLANG_ANALYZER_NONNULL = YES;
				CLANG_ANALYZER_NUMBER_OBJECT_CONVERSION = YES_AGGRESSIVE;
				CLANG_CXX_LANGUAGE_STANDARD = "gnu++14";
				CLANG_CXX_LIBRARY = "libc++";
				CLANG_ENABLE_MODULES = YES;
				CLANG_ENABLE_OBJC_ARC = YES;
				CLANG_ENABLE_OBJC_WEAK = YES;
				CLANG_WARN_BLOCK_CAPTURE_AUTORELEASING = YES;
				CLANG_WARN_BOOL_CONVERSION = YES;
				CLANG_WARN_COMMA = YES;
				CLANG_WARN_CONSTANT_CONVERSION = YES;
				CLANG_WARN_DEPRECATED_OBJC_IMPLEMENTATIONS = YES;
				CLANG_WARN_DIRECT_OBJC_ISA_USAGE = YES_ERROR;
				CLANG_WARN_DOCUMENTATION_COMMENTS = YES;
				CLANG_WARN_EMPTY_BODY = YES;
				CLANG_WARN_ENUM_CONVERSION = YES;
				CLANG_WARN_INFINITE_RECURSION = YES;
				CLANG_WARN_INT_CONVERSION = YES;
				CLANG_WARN_NON_LITERAL_NULL_CONVERSION = YES;
				CLANG_WARN_OBJC_IMPLICIT_RETAIN_SELF = YES;
				CLANG_WARN_OBJC_LITERAL_CONVERSION = YES;
				CLANG_WARN_OBJC_ROOT_CLASS = YES_ERROR;
				CLANG_WARN_QUOTED_INCLUDE_IN_FRAMEWORK_HEADER = YES;
				CLANG_WARN_RANGE_LOOP_ANALYSIS = YES;
				CLANG_WARN_STRICT_PROTOTYPES = YES;
				CLANG_WARN_SUSPICIOUS_MOVE = YES;
				CLANG_WARN_UNGUARDED_AVAILABILITY = YES_AGGRESSIVE;
				CLANG_WARN_UNREACHABLE_CODE = YES;
				CLANG_WARN__DUPLICATE_METHOD_MATCH = YES;
				COPY_PHASE_STRIP = NO;
				DEBUG_INFORMATION_FORMAT = dwarf;
				ENABLE_STRICT_OBJC_MSGSEND = YES;
				ENABLE_TESTABILITY = YES;
				GCC_C_LANGUAGE_STANDARD = gnu11;
				GCC_DYNAMIC_NO_PIC = NO;
				GCC_NO_COMMON_BLOCKS = YES;
				GCC_OPTIMIZATION_LEVEL = 0;
				GCC_PREPROCESSOR_DEFINITIONS = (
					"DEBUG=1",
					"$(inherited)",
				);
				GCC_WARN_64_TO_32_BIT_CONVERSION = YES;
				GCC_WARN_ABOUT_RETURN_TYPE = YES_ERROR;
				GCC_WARN_UNDECLARED_SELECTOR = YES;
				GCC_WARN_UNINITIALIZED_AUTOS = YES_AGGRESSIVE;
				GCC_WARN_UNUSED_FUNCTION = YES;
				GCC_WARN_UNUSED_VARIABLE = YES;
				IPHONEOS_DEPLOYMENT_TARGET = 14.3;
				MTL_ENABLE_DEBUG_INFO = INCLUDE_SOURCE;
				MTL_FAST_MATH = YES;
				ONLY_ACTIVE_ARCH = YES;
				SDKROOT = iphoneos;
				SWIFT_ACTIVE_COMPILATION_CONDITIONS = DEBUG;
				SWIFT_OPTIMIZATION_LEVEL = "-Onone";
			};
			name = Debug;
		};
		778246A925E2E0FD001D0A0F /* Release */ = {
			isa = XCBuildConfiguration;
			buildSettings = {
				ALWAYS_SEARCH_USER_PATHS = NO;
				CLANG_ANALYZER_NONNULL = YES;
				CLANG_ANALYZER_NUMBER_OBJECT_CONVERSION = YES_AGGRESSIVE;
				CLANG_CXX_LANGUAGE_STANDARD = "gnu++14";
				CLANG_CXX_LIBRARY = "libc++";
				CLANG_ENABLE_MODULES = YES;
				CLANG_ENABLE_OBJC_ARC = YES;
				CLANG_ENABLE_OBJC_WEAK = YES;
				CLANG_WARN_BLOCK_CAPTURE_AUTORELEASING = YES;
				CLANG_WARN_BOOL_CONVERSION = YES;
				CLANG_WARN_COMMA = YES;
				CLANG_WARN_CONSTANT_CONVERSION = YES;
				CLANG_WARN_DEPRECATED_OBJC_IMPLEMENTATIONS = YES;
				CLANG_WARN_DIRECT_OBJC_ISA_USAGE = YES_ERROR;
				CLANG_WARN_DOCUMENTATION_COMMENTS = YES;
				CLANG_WARN_EMPTY_BODY = YES;
				CLANG_WARN_ENUM_CONVERSION = YES;
				CLANG_WARN_INFINITE_RECURSION = YES;
				CLANG_WARN_INT_CONVERSION = YES;
				CLANG_WARN_NON_LITERAL_NULL_CONVERSION = YES;
				CLANG_WARN_OBJC_IMPLICIT_RETAIN_SELF = YES;
				CLANG_WARN_OBJC_LITERAL_CONVERSION = YES;
				CLANG_WARN_OBJC_ROOT_CLASS = YES_ERROR;
				CLANG_WARN_QUOTED_INCLUDE_IN_FRAMEWORK_HEADER = YES;
				CLANG_WARN_RANGE_LOOP_ANALYSIS = YES;
				CLANG_WARN_STRICT_PROTOTYPES = YES;
				CLANG_WARN_SUSPICIOUS_MOVE = YES;
				CLANG_WARN_UNGUARDED_AVAILABILITY = YES_AGGRESSIVE;
				CLANG_WARN_UNREACHABLE_CODE = YES;
				CLANG_WARN__DUPLICATE_METHOD_MATCH = YES;
				COPY_PHASE_STRIP = NO;
				DEBUG_INFORMATION_FORMAT = "dwarf-with-dsym";
				ENABLE_NS_ASSERTIONS = NO;
				ENABLE_STRICT_OBJC_MSGSEND = YES;
				GCC_C_LANGUAGE_STANDARD = gnu11;
				GCC_NO_COMMON_BLOCKS = YES;
				GCC_WARN_64_TO_32_BIT_CONVERSION = YES;
				GCC_WARN_ABOUT_RETURN_TYPE = YES_ERROR;
				GCC_WARN_UNDECLARED_SELECTOR = YES;
				GCC_WARN_UNINITIALIZED_AUTOS = YES_AGGRESSIVE;
				GCC_WARN_UNUSED_FUNCTION = YES;
				GCC_WARN_UNUSED_VARIABLE = YES;
				IPHONEOS_DEPLOYMENT_TARGET = 14.3;
				MTL_ENABLE_DEBUG_INFO = NO;
				MTL_FAST_MATH = YES;
				SDKROOT = iphoneos;
				SWIFT_COMPILATION_MODE = wholemodule;
				SWIFT_OPTIMIZATION_LEVEL = "-O";
				VALIDATE_PRODUCT = YES;
			};
			name = Release;
		};
		778246AB25E2E0FD001D0A0F /* Debug */ = {
			isa = XCBuildConfiguration;
			baseConfigurationReference = F28758B4120565C18157E56D /* Pods-PodcastApp.debug.xcconfig */;
			buildSettings = {
				ASSETCATALOG_COMPILER_APPICON_NAME = AppIcon;
				ASSETCATALOG_COMPILER_GLOBAL_ACCENT_COLOR_NAME = AccentColor;
				CODE_SIGN_STYLE = Automatic;
				DEVELOPMENT_ASSET_PATHS = "\"PodcastApp/Preview Content\"";
				ENABLE_PREVIEWS = YES;
				INFOPLIST_FILE = PodcastApp/Info.plist;
				IPHONEOS_DEPLOYMENT_TARGET = 14.0;
				LD_RUNPATH_SEARCH_PATHS = (
					"$(inherited)",
					"@executable_path/Frameworks",
				);
				PRODUCT_BUNDLE_IDENTIFIER = SwiftUITest.PodcastApp;
				PRODUCT_NAME = "$(TARGET_NAME)";
				SWIFT_VERSION = 5.0;
				TARGETED_DEVICE_FAMILY = "1,2";
			};
			name = Debug;
		};
		778246AC25E2E0FD001D0A0F /* Release */ = {
			isa = XCBuildConfiguration;
			baseConfigurationReference = 5FFF60AB34BD002222DEBD0C /* Pods-PodcastApp.release.xcconfig */;
			buildSettings = {
				ASSETCATALOG_COMPILER_APPICON_NAME = AppIcon;
				ASSETCATALOG_COMPILER_GLOBAL_ACCENT_COLOR_NAME = AccentColor;
				CODE_SIGN_STYLE = Automatic;
				DEVELOPMENT_ASSET_PATHS = "\"PodcastApp/Preview Content\"";
				ENABLE_PREVIEWS = YES;
				INFOPLIST_FILE = PodcastApp/Info.plist;
				IPHONEOS_DEPLOYMENT_TARGET = 14.0;
				LD_RUNPATH_SEARCH_PATHS = (
					"$(inherited)",
					"@executable_path/Frameworks",
				);
				PRODUCT_BUNDLE_IDENTIFIER = SwiftUITest.PodcastApp;
				PRODUCT_NAME = "$(TARGET_NAME)";
				SWIFT_VERSION = 5.0;
				TARGETED_DEVICE_FAMILY = "1,2";
			};
			name = Release;
		};
/* End XCBuildConfiguration section */

/* Begin XCConfigurationList section */
		7782469625E2E0FB001D0A0F /* Build configuration list for PBXProject "PodcastApp" */ = {
			isa = XCConfigurationList;
			buildConfigurations = (
				778246A825E2E0FD001D0A0F /* Debug */,
				778246A925E2E0FD001D0A0F /* Release */,
			);
			defaultConfigurationIsVisible = 0;
			defaultConfigurationName = Release;
		};
		778246AA25E2E0FD001D0A0F /* Build configuration list for PBXNativeTarget "PodcastApp" */ = {
			isa = XCConfigurationList;
			buildConfigurations = (
				778246AB25E2E0FD001D0A0F /* Debug */,
				778246AC25E2E0FD001D0A0F /* Release */,
			);
			defaultConfigurationIsVisible = 0;
			defaultConfigurationName = Release;
		};
/* End XCConfigurationList section */
	};
	rootObject = 7782469325E2E0FB001D0A0F /* Project object */;
}
